{
    "_readme": [
        "This file locks the dependencies of your project to a known state",
        "Read more about it at https://getcomposer.org/doc/01-basic-usage.md#composer-lock-the-lock-file",
        "This file is @generated automatically"
    ],
    "hash": "c4d9545d13ec305a7e76305a129ac185",
    "content-hash": "f8f60355370dee35ad802b737b73ff6b",
    "packages": [
        {
            "name": "facebook/php-sdk-v4",
            "version": "5.1.4",
            "source": {
                "type": "git",
                "url": "https://github.com/facebook/facebook-php-sdk-v4.git",
                "reference": "38fd7187a6704d3ab14ded2f3a534ac4ee6f3481"
            },
            "dist": {
                "type": "zip",
                "url": "https://api.github.com/repos/facebook/facebook-php-sdk-v4/zipball/38fd7187a6704d3ab14ded2f3a534ac4ee6f3481",
                "reference": "38fd7187a6704d3ab14ded2f3a534ac4ee6f3481",
                "shasum": ""
            },
            "require": {
                "ext-mbstring": "*",
                "php": ">=5.4.0"
            },
            "require-dev": {
                "guzzlehttp/guzzle": "~5.0",
                "mockery/mockery": "~0.8",
                "phpunit/phpunit": "~4.0"
            },
            "suggest": {
                "guzzlehttp/guzzle": "Allows for implementation of the Guzzle HTTP client"
            },
            "type": "library",
            "extra": {
                "branch-alias": {
                    "dev-master": "5.x-dev"
                }
            },
            "autoload": {
                "psr-4": {
                    "Facebook\\": "src/Facebook/"
                }
            },
            "notification-url": "https://packagist.org/downloads/",
            "license": [
                "Facebook Platform"
            ],
            "authors": [
                {
                    "name": "Facebook",
                    "homepage": "https://github.com/facebook/facebook-php-sdk-v4/contributors"
                }
            ],
            "description": "Facebook SDK for PHP",
            "homepage": "https://github.com/facebook/facebook-php-sdk-v4",
            "keywords": [
                "facebook",
                "sdk"
            ],
            "time": "2016-05-13 17:28:30"
        }
    ],
    "packages-dev": [],
    "aliases": [],
    "minimum-stability": "stable",
    "stability-flags": [],
    "prefer-stable": false,
    "prefer-lowest": false,
    "platform": {
        "php": ">=5.5.9"
    },
    "platform-dev": []
}
